
Microsoft Visual Studio Solution File, Format Version 12.00
# Visual Studio Version 17
VisualStudioVersion = 17.6.33801.468
MinimumVisualStudioVersion = 10.0.40219.1
Project("{FAE04EC0-301F-11D3-BF4B-00C04F79EFBC}") = "mandelbrot", "mandelbrot\mandelbrot.csproj", "{2D8F09CA-176B-4B6F-88BB-311A108BDD17}"
EndProject
Global
	GlobalSection(SolutionConfigurationPlatforms) = preSolution
		Debug|Any CPU = Debug|Any CPU
		Release|Any CPU = Release|Any CPU
	EndGlobalSection
	GlobalSection(ProjectConfigurationPlatforms) = postSolution
		{2D8F09CA-176B-4B6F-88BB-311A108BDD17}.Debug|Any CPU.ActiveCfg = Debug|Any CPU
		{2D8F09CA-176B-4B6F-88BB-311A108BDD17}.Debug|Any CPU.Build.0 = Debug|Any CPU
		{2D8F09CA-176B-4B6F-88BB-311A108BDD17}.Release|Any CPU.ActiveCfg = Release|Any CPU
		{2D8F09CA-176B-4B6F-88BB-311A108BDD17}.Release|Any CPU.Build.0 = Release|Any CPU
	EndGlobalSection
	GlobalSection(SolutionProperties) = preSolution
		HideSolutionNode = FALSE
	EndGlobalSection
	GlobalSection(ExtensibilityGlobals) = postSolution
		SolutionGuid = {5670396D-1865-4ADD-9E99-D76CFB55F118}
	EndGlobalSection
EndGlobal
