
Microsoft Visual Studio Solution File, Format Version 12.00
# Visual Studio Version 17
VisualStudioVersion = 17.5.33627.172
MinimumVisualStudioVersion = 10.0.40219.1
Project("{9A19103F-16F7-4668-BE54-9A1E7A4F7556}") = "mandelbrot_interactive_avalonia", "mandelbrot_interactive_avalonia.csproj", "{092EB6CB-17CE-4E10-B63B-54B731AAFAC7}"
EndProject
Global
	GlobalSection(SolutionConfigurationPlatforms) = preSolution
		Debug|Any CPU = Debug|Any CPU
		Release|Any CPU = Release|Any CPU
	EndGlobalSection
	GlobalSection(ProjectConfigurationPlatforms) = postSolution
		{092EB6CB-17CE-4E10-B63B-54B731AAFAC7}.Debug|Any CPU.ActiveCfg = Debug|Any CPU
		{092EB6CB-17CE-4E10-B63B-54B731AAFAC7}.Debug|Any CPU.Build.0 = Debug|Any CPU
		{092EB6CB-17CE-4E10-B63B-54B731AAFAC7}.Release|Any CPU.ActiveCfg = Release|Any CPU
		{092EB6CB-17CE-4E10-B63B-54B731AAFAC7}.Release|Any CPU.Build.0 = Release|Any CPU
	EndGlobalSection
	GlobalSection(SolutionProperties) = preSolution
		HideSolutionNode = FALSE
	EndGlobalSection
	GlobalSection(ExtensibilityGlobals) = postSolution
		SolutionGuid = {D61A86E3-20AF-4557-8C6A-8922F55414ED}
	EndGlobalSection
EndGlobal
